{"1.2.0",
[{<<"certifi">>,{pkg,<<"certifi">>,<<"2.5.2">>},2},
 {<<"egithub">>,{pkg,<<"egithub">>,<<"0.6.1">>},0},
 {<<"elvis_core">>,{pkg,<<"elvis_core">>,<<"1.0.0">>},0},
 {<<"getopt">>,{pkg,<<"getopt">>,<<"1.0.2">>},0},
 {<<"goldrush">>,{pkg,<<"goldrush">>,<<"0.1.9">>},1},
 {<<"hackney">>,{pkg,<<"hackney">>,<<"1.16.0">>},1},
 {<<"idna">>,{pkg,<<"idna">>,<<"6.0.1">>},2},
 {<<"jsx">>,{pkg,<<"jsx">>,<<"2.10.0">>},1},
 {<<"katana_code">>,{pkg,<<"katana_code">>,<<"0.2.1">>},1},
 {<<"lager">>,{pkg,<<"lager">>,<<"3.8.0">>},1},
 {<<"metrics">>,{pkg,<<"metrics">>,<<"1.0.1">>},2},
 {<<"mimerl">>,{pkg,<<"mimerl">>,<<"1.2.0">>},2},
 {<<"parse_trans">>,{pkg,<<"parse_trans">>,<<"3.3.0">>},2},
 {<<"ssl_verify_fun">>,{pkg,<<"ssl_verify_fun">>,<<"1.1.6">>},2},
 {<<"unicode_util_compat">>,{pkg,<<"unicode_util_compat">>,<<"0.5.0">>},3},
 {<<"zipper">>,{pkg,<<"zipper">>,<<"1.0.1">>},1}]}.
[
{pkg_hash,[
 {<<"certifi">>, <<"B7CFEAE9D2ED395695DD8201C57A2D019C0C43ECAF8B8BCB9320B40D6662F340">>},
 {<<"egithub">>, <<"AC6DB0F15C7685AAD9C2146EC7AF508D6803BBD9AB1ACFCE731E35F3B35D42D0">>},
 {<<"elvis_core">>, <<"01A18169EC80004D2444001E1157B117270B4CD38693A66C3AAB61A6459ADBFA">>},
 {<<"getopt">>, <<"33D9B44289FE7AD08627DDFE1D798E30B2DA0033B51DA1B3A2D64E72CD581D02">>},
 {<<"goldrush">>, <<"F06E5D5F1277DA5C413E84D5A2924174182FB108DABB39D5EC548B27424CD106">>},
 {<<"hackney">>, <<"5096AC8E823E3A441477B2D187E30DD3FFF1A82991A806B2003845CE72CE2D84">>},
 {<<"idna">>, <<"1D038FB2E7668CE41FBF681D2C45902E52B3CB9E9C77B55334353B222C2EE50C">>},
 {<<"jsx">>, <<"77760560D6AC2B8C51FD4C980E9E19B784016AA70BE354CE746472C33BEB0B1C">>},
 {<<"katana_code">>, <<"B2195859DF57D8BEBF619A9FD3327CD7D01563A98417156D0F4C5FAB435F2630">>},
 {<<"lager">>, <<"3402B9A7E473680CA179FC2F1D827CAB88DD37DD1E6113090C6F45EF05228A1C">>},
 {<<"metrics">>, <<"25F094DEA2CDA98213CECC3AEFF09E940299D950904393B2A29D191C346A8486">>},
 {<<"mimerl">>, <<"67E2D3F571088D5CFD3E550C383094B47159F3EEE8FFA08E64106CDF5E981BE3">>},
 {<<"parse_trans">>, <<"09765507A3C7590A784615CFD421D101AEC25098D50B89D7AA1D66646BC571C1">>},
 {<<"ssl_verify_fun">>, <<"CF344F5692C82D2CD7554F5EC8FD961548D4FD09E7D22F5B62482E5AEAEBD4B0">>},
 {<<"unicode_util_compat">>, <<"8516502659002CEC19E244EBD90D312183064BE95025A319A6C7E89F4BCCD65B">>},
 {<<"zipper">>, <<"3CCB4F14B97C06B2749B93D8B6C204A1ECB6FAFC6050CACC3B93B9870C05952A">>}]},
{pkg_hash_ext,[
 {<<"certifi">>, <<"3B3B5F36493004AC3455966991EAF6E768CE9884693D9968055AEEEB1E575040">>},
 {<<"egithub">>, <<"FE0610CD0102DC60A5B5635235EFEA863C2C464F64450A41FA444971ECD64BFB">>},
 {<<"elvis_core">>, <<"DDA7A54CD4CE3D2BD93A4C9B421F59CA69C2301ECF3C171761BF098C6EB6AE0A">>},
 {<<"getopt">>, <<"A0029AEA4322FB82A61F6876A6D9C66DC9878B6CB61FAA13DF3187384FD4EA26">>},
 {<<"goldrush">>, <<"99CB4128CFFCB3227581E5D4D803D5413FA643F4EB96523F77D9E6937D994CEB">>},
 {<<"hackney">>, <<"3BF0BEBBD5D3092A3543B783BF065165FA5D3AD4B899B836810E513064134E18">>},
 {<<"idna">>, <<"A02C8A1C4FD601215BB0B0324C8A6986749F807CE35F25449EC9E69758708122">>},
 {<<"jsx">>, <<"9A83E3704807298016968DB506F9FAD0F027DE37546EB838B3AE1064C3A0AD62">>},
 {<<"katana_code">>, <<"8448AD3F56D9814F98A28BE650F7191BDD506575E345CC16D586660B10F6E992">>},
 {<<"lager">>, <<"F6CB541B688EAB60730D8D286EB77256A5A9AD06EAC10D43BEAF55D07E68BBB6">>},
 {<<"metrics">>, <<"69B09ADDDC4F74A40716AE54D140F93BEB0FB8978D8636EADED0C31B6F099F16">>},
 {<<"mimerl">>, <<"F278585650AA581986264638EBF698F8BB19DF297F66AD91B18910DFC6E19323">>},
 {<<"parse_trans">>, <<"17EF63ABDE837AD30680EA7F857DD9E7CED9476CDD7B0394432AF4BFC241B960">>},
 {<<"ssl_verify_fun">>, <<"BDB0D2471F453C88FF3908E7686F86F9BE327D065CC1EC16FA4540197EA04680">>},
 {<<"unicode_util_compat">>, <<"D48D002E15F5CC105A696CF2F1BBB3FC72B4B770A184D8420C8DB20DA2674B38">>},
 {<<"zipper">>, <<"6A1FD3E1F0CC1D1DF5642C9A0CE2178036411B0A5C9642851D1DA276BD737C2D">>}]}
].
