[{<<"aleppo">>,
  {git,"https://github.com/inaka/aleppo.git",
       {ref,"17701f4dbb857e90e8852618aa5e02f1ff7c5bd2"}},
  0},
 {<<"cowlib">>,{pkg,<<"cowlib">>,<<"1.0.2">>},2},
 {<<"egithub">>,
  {git,"https://github.com/inaka/erlang-github.git",
       {ref,"285e32f111635d63ba8c287b7775f76fe765c054"}},
  0},
 {<<"elvis_core">>,
  {git,"https://github.com/inaka/elvis_core",
       {ref,"fbc8385b4088fe870cac23dac9d2c45fe9f35ec7"}},
  0},
 {<<"getopt">>,
  {git,"https://github.com/jcomellas/getopt.git",
       {ref,"388dc95caa7fb97ec7db8cfc39246a36aba61bd8"}},
  0},
 {<<"goldrush">>,
  {git,"git://github.com/DeadZen/goldrush.git",
       {ref,"64864ba7fcf40988361340e48680b49a2c2938cf"}},
  1},
 {<<"gun">>,{pkg,<<"gun">>,<<"1.0.0-pre.1">>},2},
 {<<"ibrowse">>,
  {git,"https://github.com/cmullaparthi/ibrowse.git",
       {ref,"ea3305d21f37eced4fac290f64b068e56df7de80"}},
  0},
 {<<"jiffy">>,
  {git,"https://github.com/davisp/jiffy.git",
       {ref,"75dd259189b1c1134f4e0c0de667da3dc67590bf"}},
  0},
 {<<"katana">>,
  {git,"https://github.com/inaka/erlang-katana.git",
       {ref,"a8aa98337dd365949924d603cdb3f4c0959944b1"}},
  0},
 {<<"katana_code">>,
  {git,"https://github.com/inaka/katana-code.git",
       {ref,"58f0a9ef7dbcaa6233bd72c71fb3e31d53ff92e6"}},
  0},
 {<<"lager">>,
  {git,"https://github.com/basho/lager.git",
       {ref,"599dda6786a81200e00b3d9b4b36951e052727a3"}},
  0},
 {<<"meck">>,
  {git,"https://github.com/eproxus/meck.git",
       {ref,"70d6a33ce7407029dc59e22a5b3c1c61c1348b23"}},
  0},
 {<<"ranch">>,{pkg,<<"ranch">>,<<"1.1.0">>},3},
 {<<"shotgun">>,{pkg,<<"shotgun">>,<<"0.2.3">>},1},
 {<<"zipper">>,
  {git,"https://github.com/inaka/zipper.git",
       {ref,"7b155ca851b3167b3e0031e52129901663e86a83"}},
  1}].
